
Microsoft Visual Studio Solution File, Format Version 12.00
# Visual Studio Version 16
VisualStudioVersion = 16.0.29230.47
MinimumVisualStudioVersion = 10.0.40219.1
Project("{FAE04EC0-301F-11D3-BF4B-00C04F79EFBC}") = "RelicRewards", "RelicRewards\RelicRewards.csproj", "{2EBD6039-EEDC-4BE5-BF1D-E469ACACFF7B}"
EndProject
Global
	GlobalSection(SolutionConfigurationPlatforms) = preSolution
		Debug|Any CPU = Debug|Any CPU
		Debug|x64 = Debug|x64
		Release|Any CPU = Release|Any CPU
		Release|x64 = Release|x64
	EndGlobalSection
	GlobalSection(ProjectConfigurationPlatforms) = postSolution
		{2EBD6039-EEDC-4BE5-BF1D-E469ACACFF7B}.Debug|Any CPU.ActiveCfg = Debug|Any CPU
		{2EBD6039-EEDC-4BE5-BF1D-E469ACACFF7B}.Debug|Any CPU.Build.0 = Debug|Any CPU
		{2EBD6039-EEDC-4BE5-BF1D-E469ACACFF7B}.Debug|x64.ActiveCfg = Debug|x64
		{2EBD6039-EEDC-4BE5-BF1D-E469ACACFF7B}.Debug|x64.Build.0 = Debug|x64
		{2EBD6039-EEDC-4BE5-BF1D-E469ACACFF7B}.Release|Any CPU.ActiveCfg = Release|Any CPU
		{2EBD6039-EEDC-4BE5-BF1D-E469ACACFF7B}.Release|Any CPU.Build.0 = Release|Any CPU
		{2EBD6039-EEDC-4BE5-BF1D-E469ACACFF7B}.Release|x64.ActiveCfg = Release|x64
		{2EBD6039-EEDC-4BE5-BF1D-E469ACACFF7B}.Release|x64.Build.0 = Release|x64
	EndGlobalSection
	GlobalSection(SolutionProperties) = preSolution
		HideSolutionNode = FALSE
	EndGlobalSection
	GlobalSection(ExtensibilityGlobals) = postSolution
		SolutionGuid = {5FC88855-4620-46AE-8424-272E0FB41D36}
	EndGlobalSection
EndGlobal
